
Microsoft Visual Studio Solution File, Format Version 12.00
# Visual Studio Version 17
VisualStudioVersion = 17.13.35806.99
MinimumVisualStudioVersion = 10.0.40219.1
Project("{FAE04EC0-301F-11D3-BF4B-00C04F79EFBC}") = "SchoolManagementProjecture", "SchoolManagementProjecture\SchoolManagementProjecture.csproj", "{5E2AF3ED-3C1A-4493-AD4D-12BCC0FA5C05}"
EndProject
Global
	GlobalSection(SolutionConfigurationPlatforms) = preSolution
		Debug|Any CPU = Debug|Any CPU
		Debug|x64 = Debug|x64
		loginForm.cs|Any CPU = loginForm.cs|Any CPU
		loginForm.cs|x64 = loginForm.cs|x64
		Release|Any CPU = Release|Any CPU
		Release|x64 = Release|x64
	EndGlobalSection
	GlobalSection(ProjectConfigurationPlatforms) = postSolution
		{5E2AF3ED-3C1A-4493-AD4D-12BCC0FA5C05}.Debug|Any CPU.ActiveCfg = Debug|Any CPU
		{5E2AF3ED-3C1A-4493-AD4D-12BCC0FA5C05}.Debug|Any CPU.Build.0 = Debug|Any CPU
		{5E2AF3ED-3C1A-4493-AD4D-12BCC0FA5C05}.Debug|x64.ActiveCfg = Debug|x64
		{5E2AF3ED-3C1A-4493-AD4D-12BCC0FA5C05}.Debug|x64.Build.0 = Debug|x64
		{5E2AF3ED-3C1A-4493-AD4D-12BCC0FA5C05}.loginForm.cs|Any CPU.ActiveCfg = loginForm.cs|Any CPU
		{5E2AF3ED-3C1A-4493-AD4D-12BCC0FA5C05}.loginForm.cs|Any CPU.Build.0 = loginForm.cs|Any CPU
		{5E2AF3ED-3C1A-4493-AD4D-12BCC0FA5C05}.loginForm.cs|x64.ActiveCfg = loginForm.cs|x64
		{5E2AF3ED-3C1A-4493-AD4D-12BCC0FA5C05}.loginForm.cs|x64.Build.0 = loginForm.cs|x64
		{5E2AF3ED-3C1A-4493-AD4D-12BCC0FA5C05}.Release|Any CPU.ActiveCfg = Debug|Any CPU
		{5E2AF3ED-3C1A-4493-AD4D-12BCC0FA5C05}.Release|Any CPU.Build.0 = Debug|Any CPU
		{5E2AF3ED-3C1A-4493-AD4D-12BCC0FA5C05}.Release|x64.ActiveCfg = Release|x64
		{5E2AF3ED-3C1A-4493-AD4D-12BCC0FA5C05}.Release|x64.Build.0 = Release|x64
	EndGlobalSection
	GlobalSection(SolutionProperties) = preSolution
		HideSolutionNode = FALSE
	EndGlobalSection
	GlobalSection(ExtensibilityGlobals) = postSolution
		SolutionGuid = {4BFC2424-9076-4BD4-B512-CD557CB3ADCD}
	EndGlobalSection
EndGlobal
